
Microsoft Visual Studio Solution File, Format Version 12.00
# Visual Studio Version 16
VisualStudioVersion = 16.0.31129.286
MinimumVisualStudioVersion = 10.0.40219.1
Project("{FAE04EC0-301F-11D3-BF4B-00C04F79EFBC}") = "RonAndKanye", "RonAndKanye.csproj", "{16DDCE91-0B47-411C-89A8-EAE345E0481D}"
EndProject
Global
	GlobalSection(SolutionConfigurationPlatforms) = preSolution
		Debug|Any CPU = Debug|Any CPU
		Release|Any CPU = Release|Any CPU
	EndGlobalSection
	GlobalSection(ProjectConfigurationPlatforms) = postSolution
		{16DDCE91-0B47-411C-89A8-EAE345E0481D}.Debug|Any CPU.ActiveCfg = Debug|Any CPU
		{16DDCE91-0B47-411C-89A8-EAE345E0481D}.Debug|Any CPU.Build.0 = Debug|Any CPU
		{16DDCE91-0B47-411C-89A8-EAE345E0481D}.Release|Any CPU.ActiveCfg = Release|Any CPU
		{16DDCE91-0B47-411C-89A8-EAE345E0481D}.Release|Any CPU.Build.0 = Release|Any CPU
	EndGlobalSection
	GlobalSection(SolutionProperties) = preSolution
		HideSolutionNode = FALSE
	EndGlobalSection
	GlobalSection(ExtensibilityGlobals) = postSolution
		SolutionGuid = {4FD8E3CB-4DEC-4F4C-BEFC-8D1584D6671C}
	EndGlobalSection
EndGlobal
